
Microsoft Visual Studio Solution File, Format Version 12.00
# Visual Studio Version 16
VisualStudioVersion = 16.0.30413.136
MinimumVisualStudioVersion = 10.0.40219.1
Project("{FAE04EC0-301F-11D3-BF4B-00C04F79EFBC}") = "LommeRegnerLibrary", "LommeRegnerOpgave\LommeRegnerLibrary.csproj", "{294442ED-29F2-45EB-A99C-8784D6D89B63}"
EndProject
Project("{FAE04EC0-301F-11D3-BF4B-00C04F79EFBC}") = "LommeRegnerVisning", "LommeRegnerVisning\LommeRegnerVisning.csproj", "{CEA14AD0-16CD-42CC-A608-3DB2261796A5}"
EndProject
Project("{FAE04EC0-301F-11D3-BF4B-00C04F79EFBC}") = "LommeRegnerUnitTest", "LommeRegnerUnitTest\LommeRegnerUnitTest.csproj", "{8E6F0037-3574-4D43-98AB-2B4489B3BFD4}"
EndProject
Global
	GlobalSection(SolutionConfigurationPlatforms) = preSolution
		Debug|Any CPU = Debug|Any CPU
		Release|Any CPU = Release|Any CPU
	EndGlobalSection
	GlobalSection(ProjectConfigurationPlatforms) = postSolution
		{294442ED-29F2-45EB-A99C-8784D6D89B63}.Debug|Any CPU.ActiveCfg = Debug|Any CPU
		{294442ED-29F2-45EB-A99C-8784D6D89B63}.Debug|Any CPU.Build.0 = Debug|Any CPU
		{294442ED-29F2-45EB-A99C-8784D6D89B63}.Release|Any CPU.ActiveCfg = Release|Any CPU
		{294442ED-29F2-45EB-A99C-8784D6D89B63}.Release|Any CPU.Build.0 = Release|Any CPU
		{CEA14AD0-16CD-42CC-A608-3DB2261796A5}.Debug|Any CPU.ActiveCfg = Debug|Any CPU
		{CEA14AD0-16CD-42CC-A608-3DB2261796A5}.Debug|Any CPU.Build.0 = Debug|Any CPU
		{CEA14AD0-16CD-42CC-A608-3DB2261796A5}.Release|Any CPU.ActiveCfg = Release|Any CPU
		{CEA14AD0-16CD-42CC-A608-3DB2261796A5}.Release|Any CPU.Build.0 = Release|Any CPU
		{8E6F0037-3574-4D43-98AB-2B4489B3BFD4}.Debug|Any CPU.ActiveCfg = Debug|Any CPU
		{8E6F0037-3574-4D43-98AB-2B4489B3BFD4}.Debug|Any CPU.Build.0 = Debug|Any CPU
		{8E6F0037-3574-4D43-98AB-2B4489B3BFD4}.Release|Any CPU.ActiveCfg = Release|Any CPU
		{8E6F0037-3574-4D43-98AB-2B4489B3BFD4}.Release|Any CPU.Build.0 = Release|Any CPU
	EndGlobalSection
	GlobalSection(SolutionProperties) = preSolution
		HideSolutionNode = FALSE
	EndGlobalSection
	GlobalSection(ExtensibilityGlobals) = postSolution
		SolutionGuid = {72D71CC4-6684-4A4A-8770-EEEE0B859B88}
	EndGlobalSection
EndGlobal
